
Microsoft Visual Studio Solution File, Format Version 12.00
# Visual Studio Version 17
VisualStudioVersion = 17.8.34330.188
MinimumVisualStudioVersion = 10.0.40219.1
Project("{FAE04EC0-301F-11D3-BF4B-00C04F79EFBC}") = "TravelBookingFrance.FrontMVC", "TravelBookingFrance.FrontMVC.csproj", "{C32219EA-6B5A-468F-A47F-32DB840199C8}"
EndProject
Global
	GlobalSection(SolutionConfigurationPlatforms) = preSolution
		Debug|Any CPU = Debug|Any CPU
		Release|Any CPU = Release|Any CPU
	EndGlobalSection
	GlobalSection(ProjectConfigurationPlatforms) = postSolution
		{C32219EA-6B5A-468F-A47F-32DB840199C8}.Debug|Any CPU.ActiveCfg = Debug|Any CPU
		{C32219EA-6B5A-468F-A47F-32DB840199C8}.Debug|Any CPU.Build.0 = Debug|Any CPU
		{C32219EA-6B5A-468F-A47F-32DB840199C8}.Release|Any CPU.ActiveCfg = Release|Any CPU
		{C32219EA-6B5A-468F-A47F-32DB840199C8}.Release|Any CPU.Build.0 = Release|Any CPU
	EndGlobalSection
	GlobalSection(SolutionProperties) = preSolution
		HideSolutionNode = FALSE
	EndGlobalSection
	GlobalSection(ExtensibilityGlobals) = postSolution
		SolutionGuid = {61EE19DC-1954-450F-813F-6B2365742B89}
	EndGlobalSection
EndGlobal
